
Microsoft Visual Studio Solution File, Format Version 12.00
# Visual Studio Version 16
VisualStudioVersion = 25.0.1704.2
MinimumVisualStudioVersion = 10.0.40219.1
Project("{FAE04EC0-301F-11D3-BF4B-00C04F79EFBC}") = "Order.API", "Order.API\Order.API.csproj", "{AB1B995D-3534-4438-BB62-A6823D03D6A4}"
EndProject
Project("{FAE04EC0-301F-11D3-BF4B-00C04F79EFBC}") = "Stock.API", "Stock.API\Stock.API.csproj", "{C0A70985-FF72-4F6D-A100-6D4E645D5E3B}"
EndProject
Project("{FAE04EC0-301F-11D3-BF4B-00C04F79EFBC}") = "Payment.API", "Payment.API\Payment.API.csproj", "{CF4D92AF-FC25-47BA-8F62-CB0109F9BA98}"
EndProject
Project("{FAE04EC0-301F-11D3-BF4B-00C04F79EFBC}") = "Shared", "Shared\Shared.csproj", "{C4BECDB7-4A05-4DB4-9623-D239D7A3CF8B}"
EndProject
Project("{FAE04EC0-301F-11D3-BF4B-00C04F79EFBC}") = "SagaStateMachineWorkerService", "SagaStateMachineWorkerService\SagaStateMachineWorkerService.csproj", "{39BFB420-53DE-41EC-AB4A-373E19AFD1BA}"
EndProject
Project("{2150E333-8FDC-42A3-9474-1A3956D46DE8}") = "Solution Items", "Solution Items", "{596E7A31-E2A9-4F88-9D5C-9657648FE488}"
	ProjectSection(SolutionItems) = preProject
		.editorconfig = .editorconfig
	EndProjectSection
EndProject
Global
	GlobalSection(SolutionConfigurationPlatforms) = preSolution
		Debug|Any CPU = Debug|Any CPU
		Release|Any CPU = Release|Any CPU
	EndGlobalSection
	GlobalSection(ProjectConfigurationPlatforms) = postSolution
		{AB1B995D-3534-4438-BB62-A6823D03D6A4}.Debug|Any CPU.ActiveCfg = Debug|Any CPU
		{AB1B995D-3534-4438-BB62-A6823D03D6A4}.Debug|Any CPU.Build.0 = Debug|Any CPU
		{AB1B995D-3534-4438-BB62-A6823D03D6A4}.Release|Any CPU.ActiveCfg = Release|Any CPU
		{AB1B995D-3534-4438-BB62-A6823D03D6A4}.Release|Any CPU.Build.0 = Release|Any CPU
		{C0A70985-FF72-4F6D-A100-6D4E645D5E3B}.Debug|Any CPU.ActiveCfg = Debug|Any CPU
		{C0A70985-FF72-4F6D-A100-6D4E645D5E3B}.Debug|Any CPU.Build.0 = Debug|Any CPU
		{C0A70985-FF72-4F6D-A100-6D4E645D5E3B}.Release|Any CPU.ActiveCfg = Release|Any CPU
		{C0A70985-FF72-4F6D-A100-6D4E645D5E3B}.Release|Any CPU.Build.0 = Release|Any CPU
		{CF4D92AF-FC25-47BA-8F62-CB0109F9BA98}.Debug|Any CPU.ActiveCfg = Debug|Any CPU
		{CF4D92AF-FC25-47BA-8F62-CB0109F9BA98}.Debug|Any CPU.Build.0 = Debug|Any CPU
		{CF4D92AF-FC25-47BA-8F62-CB0109F9BA98}.Release|Any CPU.ActiveCfg = Release|Any CPU
		{CF4D92AF-FC25-47BA-8F62-CB0109F9BA98}.Release|Any CPU.Build.0 = Release|Any CPU
		{C4BECDB7-4A05-4DB4-9623-D239D7A3CF8B}.Debug|Any CPU.ActiveCfg = Debug|Any CPU
		{C4BECDB7-4A05-4DB4-9623-D239D7A3CF8B}.Debug|Any CPU.Build.0 = Debug|Any CPU
		{C4BECDB7-4A05-4DB4-9623-D239D7A3CF8B}.Release|Any CPU.ActiveCfg = Release|Any CPU
		{C4BECDB7-4A05-4DB4-9623-D239D7A3CF8B}.Release|Any CPU.Build.0 = Release|Any CPU
		{39BFB420-53DE-41EC-AB4A-373E19AFD1BA}.Debug|Any CPU.ActiveCfg = Debug|Any CPU
		{39BFB420-53DE-41EC-AB4A-373E19AFD1BA}.Debug|Any CPU.Build.0 = Debug|Any CPU
		{39BFB420-53DE-41EC-AB4A-373E19AFD1BA}.Release|Any CPU.ActiveCfg = Release|Any CPU
		{39BFB420-53DE-41EC-AB4A-373E19AFD1BA}.Release|Any CPU.Build.0 = Release|Any CPU
	EndGlobalSection
	GlobalSection(SolutionProperties) = preSolution
		HideSolutionNode = FALSE
	EndGlobalSection
	GlobalSection(ExtensibilityGlobals) = postSolution
		SolutionGuid = {14C1105E-1996-4BAA-B15B-1BD04AF711CD}
	EndGlobalSection
EndGlobal
